
Microsoft Visual Studio Solution File, Format Version 12.00
# Visual Studio Version 16
VisualStudioVersion = 16.0.30907.101
MinimumVisualStudioVersion = 10.0.40219.1
Project("{FAE04EC0-301F-11D3-BF4B-00C04F79EFBC}") = "BankruptConsole", "BankruptConsole.csproj", "{5CFFE64F-E01D-4A3F-ACDB-0274E59C8499}"
EndProject
Global
	GlobalSection(SolutionConfigurationPlatforms) = preSolution
		Debug|Any CPU = Debug|Any CPU
		Release|Any CPU = Release|Any CPU
	EndGlobalSection
	GlobalSection(ProjectConfigurationPlatforms) = postSolution
		{5CFFE64F-E01D-4A3F-ACDB-0274E59C8499}.Debug|Any CPU.ActiveCfg = Debug|Any CPU
		{5CFFE64F-E01D-4A3F-ACDB-0274E59C8499}.Debug|Any CPU.Build.0 = Debug|Any CPU
		{5CFFE64F-E01D-4A3F-ACDB-0274E59C8499}.Release|Any CPU.ActiveCfg = Release|Any CPU
		{5CFFE64F-E01D-4A3F-ACDB-0274E59C8499}.Release|Any CPU.Build.0 = Release|Any CPU
	EndGlobalSection
	GlobalSection(SolutionProperties) = preSolution
		HideSolutionNode = FALSE
	EndGlobalSection
	GlobalSection(ExtensibilityGlobals) = postSolution
		SolutionGuid = {84D1B432-6972-44DB-AEFE-2969569A4647}
	EndGlobalSection
EndGlobal
